
Microsoft Visual Studio Solution File, Format Version 12.00
# Visual Studio Version 17
VisualStudioVersion = 17.9.34622.214
MinimumVisualStudioVersion = 10.0.40219.1
Project("{8BC9CEB8-8B4A-11D0-8D11-00A0C91BC942}") = "Tetris", "Tetris\Tetris.vcxproj", "{5DD897FF-65A4-488B-B26F-FF2719AC3534}"
EndProject
Global
	GlobalSection(SolutionConfigurationPlatforms) = preSolution
		Debug|x64 = Debug|x64
		Debug|x86 = Debug|x86
		Release|x64 = Release|x64
		Release|x86 = Release|x86
	EndGlobalSection
	GlobalSection(ProjectConfigurationPlatforms) = postSolution
		{5DD897FF-65A4-488B-B26F-FF2719AC3534}.Debug|x64.ActiveCfg = Debug|x64
		{5DD897FF-65A4-488B-B26F-FF2719AC3534}.Debug|x64.Build.0 = Debug|x64
		{5DD897FF-65A4-488B-B26F-FF2719AC3534}.Debug|x86.ActiveCfg = Debug|Win32
		{5DD897FF-65A4-488B-B26F-FF2719AC3534}.Debug|x86.Build.0 = Debug|Win32
		{5DD897FF-65A4-488B-B26F-FF2719AC3534}.Release|x64.ActiveCfg = Release|x64
		{5DD897FF-65A4-488B-B26F-FF2719AC3534}.Release|x64.Build.0 = Release|x64
		{5DD897FF-65A4-488B-B26F-FF2719AC3534}.Release|x86.ActiveCfg = Release|Win32
		{5DD897FF-65A4-488B-B26F-FF2719AC3534}.Release|x86.Build.0 = Release|Win32
	EndGlobalSection
	GlobalSection(SolutionProperties) = preSolution
		HideSolutionNode = FALSE
	EndGlobalSection
	GlobalSection(ExtensibilityGlobals) = postSolution
		SolutionGuid = {DFB3B6DA-31CD-4C0D-8E60-BB79860939B1}
	EndGlobalSection
EndGlobal
